// !$*UTF8*$!
{
	archiveVersion = 1;
	classes = {
	};
	objectVersion = 56;
	objects = {

/* Begin PBXBuildFile section */
		A10000010000000000000001 /* TileTalesApp.swift in Sources */ = {isa = PBXBuildFile; fileRef = A20000010000000000000001 /* TileTalesApp.swift */; };
		A10000010000000000000002 /* ContentView.swift in Sources */ = {isa = PBXBuildFile; fileRef = A20000010000000000000002 /* ContentView.swift */; };
		A10000010000000000000003 /* TileModel.swift in Sources */ = {isa = PBXBuildFile; fileRef = A20000010000000000000003 /* TileModel.swift */; };
		A10000010000000000000004 /* TileStore.swift in Sources */ = {isa = PBXBuildFile; fileRef = A20000010000000000000004 /* TileStore.swift */; };
		A10000010000000000000005 /* TileGridView.swift in Sources */ = {isa = PBXBuildFile; fileRef = A20000010000000000000005 /* TileGridView.swift */; };
		A10000010000000000000006 /* TileViewer3DView.swift in Sources */ = {isa = PBXBuildFile; fileRef = A20000010000000000000006 /* TileViewer3DView.swift */; };
		A10000010000000000000007 /* TileMapView.swift in Sources */ = {isa = PBXBuildFile; fileRef = A20000010000000000000007 /* TileMapView.swift */; };
		A10000010000000000000008 /* CameraService.swift in Sources */ = {isa = PBXBuildFile; fileRef = A20000010000000000000008 /* CameraService.swift */; };
		A10000010000000000000009 /* LocationService.swift in Sources */ = {isa = PBXBuildFile; fileRef = A20000010000000000000009 /* LocationService.swift */; };
		A10000010000000000000010 /* ImagePicker.swift in Sources */ = {isa = PBXBuildFile; fileRef = A20000010000000000000010 /* ImagePicker.swift */; };
		A10000010000000000000011 /* TileEditSheet.swift in Sources */ = {isa = PBXBuildFile; fileRef = A20000010000000000000011 /* TileEditSheet.swift */; };
		A10000010000000000000012 /* ShareService.swift in Sources */ = {isa = PBXBuildFile; fileRef = A20000010000000000000012 /* ShareService.swift */; };
		A10000010000000000000013 /* SceneKitTileView.swift in Sources */ = {isa = PBXBuildFile; fileRef = A20000010000000000000013 /* SceneKitTileView.swift */; };
		A10000010000000000000014 /* SplashView.swift in Sources */ = {isa = PBXBuildFile; fileRef = A20000010000000000000014 /* SplashView.swift */; };
		A10000010000000000000015 /* WallpaperGeneratorView.swift in Sources */ = {isa = PBXBuildFile; fileRef = A20000010000000000000015 /* WallpaperGeneratorView.swift */; };
		A10000010000000000000016 /* Assets.xcassets in Resources */ = {isa = PBXBuildFile; fileRef = A20000010000000000000016 /* Assets.xcassets */; };
		A10000010000000000000017 /* GeocodingService.swift in Sources */ = {isa = PBXBuildFile; fileRef = A20000010000000000000017 /* GeocodingService.swift */; };
		A10000010000000000000018 /* CaptureSupport.swift in Sources */ = {isa = PBXBuildFile; fileRef = A20000010000000000000018 /* CaptureSupport.swift */; };
		A10000010000000000000019 /* BackupService.swift in Sources */ = {isa = PBXBuildFile; fileRef = A20000010000000000000019 /* BackupService.swift */; };
		A10000010000000000000020 /* CropView.swift in Sources */ = {isa = PBXBuildFile; fileRef = A20000010000000000000020 /* CropView.swift */; };
		A10000010000000000000021 /* AlbumsView.swift in Sources */ = {isa = PBXBuildFile; fileRef = A20000010000000000000021 /* AlbumsView.swift */; };
		A10000010000000000000022 /* StatsView.swift in Sources */ = {isa = PBXBuildFile; fileRef = A20000010000000000000022 /* StatsView.swift */; };
/* End PBXBuildFile section */

/* Begin PBXFileReference section */
		A20000010000000000000001 /* TileTalesApp.swift */ = {isa = PBXFileReference; lastKnownFileType = sourcecode.swift; path = TileTalesApp.swift; sourceTree = "<group>"; };
		A20000010000000000000002 /* ContentView.swift */ = {isa = PBXFileReference; lastKnownFileType = sourcecode.swift; path = ContentView.swift; sourceTree = "<group>"; };
		A20000010000000000000003 /* TileModel.swift */ = {isa = PBXFileReference; lastKnownFileType = sourcecode.swift; path = TileModel.swift; sourceTree = "<group>"; };
		A20000010000000000000004 /* TileStore.swift */ = {isa = PBXFileReference; lastKnownFileType = sourcecode.swift; path = TileStore.swift; sourceTree = "<group>"; };
		A20000010000000000000005 /* TileGridView.swift */ = {isa = PBXFileReference; lastKnownFileType = sourcecode.swift; path = TileGridView.swift; sourceTree = "<group>"; };
		A20000010000000000000006 /* TileViewer3DView.swift */ = {isa = PBXFileReference; lastKnownFileType = sourcecode.swift; path = TileViewer3DView.swift; sourceTree = "<group>"; };
		A20000010000000000000007 /* TileMapView.swift */ = {isa = PBXFileReference; lastKnownFileType = sourcecode.swift; path = TileMapView.swift; sourceTree = "<group>"; };
		A20000010000000000000008 /* CameraService.swift */ = {isa = PBXFileReference; lastKnownFileType = sourcecode.swift; path = CameraService.swift; sourceTree = "<group>"; };
		A20000010000000000000009 /* LocationService.swift */ = {isa = PBXFileReference; lastKnownFileType = sourcecode.swift; path = LocationService.swift; sourceTree = "<group>"; };
		A20000010000000000000010 /* ImagePicker.swift */ = {isa = PBXFileReference; lastKnownFileType = sourcecode.swift; path = ImagePicker.swift; sourceTree = "<group>"; };
		A20000010000000000000011 /* TileEditSheet.swift */ = {isa = PBXFileReference; lastKnownFileType = sourcecode.swift; path = TileEditSheet.swift; sourceTree = "<group>"; };
		A20000010000000000000012 /* ShareService.swift */ = {isa = PBXFileReference; lastKnownFileType = sourcecode.swift; path = ShareService.swift; sourceTree = "<group>"; };
		A20000010000000000000013 /* SceneKitTileView.swift */ = {isa = PBXFileReference; lastKnownFileType = sourcecode.swift; path = SceneKitTileView.swift; sourceTree = "<group>"; };
		A20000010000000000000014 /* SplashView.swift */ = {isa = PBXFileReference; lastKnownFileType = sourcecode.swift; path = SplashView.swift; sourceTree = "<group>"; };
		A20000010000000000000015 /* WallpaperGeneratorView.swift */ = {isa = PBXFileReference; lastKnownFileType = sourcecode.swift; path = WallpaperGeneratorView.swift; sourceTree = "<group>"; };
		A20000010000000000000016 /* Assets.xcassets */ = {isa = PBXFileReference; lastKnownFileType = folder.assetcatalog; path = Assets.xcassets; sourceTree = "<group>"; };
		A20000010000000000000017 /* GeocodingService.swift */ = {isa = PBXFileReference; lastKnownFileType = sourcecode.swift; path = GeocodingService.swift; sourceTree = "<group>"; };
		A20000010000000000000018 /* CaptureSupport.swift */ = {isa = PBXFileReference; lastKnownFileType = sourcecode.swift; path = CaptureSupport.swift; sourceTree = "<group>"; };
		A20000010000000000000019 /* BackupService.swift */ = {isa = PBXFileReference; lastKnownFileType = sourcecode.swift; path = BackupService.swift; sourceTree = "<group>"; };
		A20000010000000000000020 /* CropView.swift */ = {isa = PBXFileReference; lastKnownFileType = sourcecode.swift; path = CropView.swift; sourceTree = "<group>"; };
		A20000010000000000000021 /* AlbumsView.swift */ = {isa = PBXFileReference; lastKnownFileType = sourcecode.swift; path = AlbumsView.swift; sourceTree = "<group>"; };
		A20000010000000000000022 /* StatsView.swift */ = {isa = PBXFileReference; lastKnownFileType = sourcecode.swift; path = StatsView.swift; sourceTree = "<group>"; };
		A30000010000000000000001 /* TileTales.app */ = {isa = PBXFileReference; explicitFileType = wrapper.application; includeInIndex = 0; path = TileTales.app; sourceTree = BUILT_PRODUCTS_DIR; };
/* End PBXFileReference section */

/* Begin PBXFrameworksBuildPhase section */
		A40000010000000000000001 /* Frameworks */ = {
			isa = PBXFrameworksBuildPhase;
			buildActionMask = 2147483647;
			files = (
			);
			runOnlyForDeploymentPostprocessing = 0;
		};
/* End PBXFrameworksBuildPhase section */

/* Begin PBXGroup section */
		A50000010000000000000001 = {
			isa = PBXGroup;
			children = (
				A50000010000000000000002 /* TileTales */,
				A50000010000000000000009 /* Products */,
			);
			sourceTree = "<group>";
		};
		A50000010000000000000002 /* TileTales */ = {
			isa = PBXGroup;
			children = (
				A20000010000000000000001 /* TileTalesApp.swift */,
				A20000010000000000000002 /* ContentView.swift */,
				A50000010000000000000003 /* Models */,
				A50000010000000000000004 /* Views */,
				A50000010000000000000005 /* ViewModels */,
				A50000010000000000000006 /* Services */,
				A20000010000000000000016 /* Assets.xcassets */,
			);
			path = TileTales;
			sourceTree = "<group>";
		};
		A50000010000000000000003 /* Models */ = {
			isa = PBXGroup;
			children = (
				A20000010000000000000003 /* TileModel.swift */,
			);
			path = Models;
			sourceTree = "<group>";
		};
		A50000010000000000000004 /* Views */ = {
			isa = PBXGroup;
			children = (
				A20000010000000000000005 /* TileGridView.swift */,
				A20000010000000000000006 /* TileViewer3DView.swift */,
				A20000010000000000000007 /* TileMapView.swift */,
				A20000010000000000000011 /* TileEditSheet.swift */,
				A20000010000000000000013 /* SceneKitTileView.swift */,
				A20000010000000000000014 /* SplashView.swift */,
				A20000010000000000000015 /* WallpaperGeneratorView.swift */,
				A20000010000000000000020 /* CropView.swift */,
				A20000010000000000000021 /* AlbumsView.swift */,
				A20000010000000000000022 /* StatsView.swift */,
			);
			path = Views;
			sourceTree = "<group>";
		};
		A50000010000000000000005 /* ViewModels */ = {
			isa = PBXGroup;
			children = (
				A20000010000000000000004 /* TileStore.swift */,
			);
			path = ViewModels;
			sourceTree = "<group>";
		};
		A50000010000000000000006 /* Services */ = {
			isa = PBXGroup;
			children = (
				A20000010000000000000008 /* CameraService.swift */,
				A20000010000000000000009 /* LocationService.swift */,
				A20000010000000000000010 /* ImagePicker.swift */,
				A20000010000000000000012 /* ShareService.swift */,
				A20000010000000000000017 /* GeocodingService.swift */,
				A20000010000000000000018 /* CaptureSupport.swift */,
				A20000010000000000000019 /* BackupService.swift */,
			);
			path = Services;
			sourceTree = "<group>";
		};
		A50000010000000000000009 /* Products */ = {
			isa = PBXGroup;
			children = (
				A30000010000000000000001 /* TileTales.app */,
			);
			name = Products;
			sourceTree = "<group>";
		};
/* End PBXGroup section */

/* Begin PBXNativeTarget section */
		A60000010000000000000001 /* TileTales */ = {
			isa = PBXNativeTarget;
			buildConfigurationList = A80000010000000000000003 /* Build configuration list for PBXNativeTarget "TileTales" */;
			buildPhases = (
				A70000010000000000000001 /* Sources */,
				A40000010000000000000001 /* Frameworks */,
				A70000010000000000000002 /* Resources */,
			);
			buildRules = (
			);
			dependencies = (
			);
			name = TileTales;
			productName = TileTales;
			productReference = A30000010000000000000001 /* TileTales.app */;
			productType = "com.apple.product-type.application";
		};
/* End PBXNativeTarget section */

/* Begin PBXProject section */
		A90000010000000000000001 /* Project object */ = {
			isa = PBXProject;
			attributes = {
				BuildIndependentTargetsInParallel = 1;
				LastSwiftUpdateCheck = 1600;
				LastUpgradeCheck = 1600;
				TargetAttributes = {
					A60000010000000000000001 = {
						CreatedOnToolsVersion = 16.0;
					};
				};
			};
			buildConfigurationList = A80000010000000000000001 /* Build configuration list for PBXProject "TileTales" */;
			compatibilityVersion = "Xcode 14.0";
			developmentRegion = en;
			hasScannedForEncodings = 0;
			knownRegions = (
				en,
				Base,
			);
			mainGroup = A50000010000000000000001;
			productRefGroup = A50000010000000000000009 /* Products */;
			projectDirPath = "";
			projectRoot = "";
			targets = (
				A60000010000000000000001 /* TileTales */,
			);
		};
/* End PBXProject section */

/* Begin PBXResourcesBuildPhase section */
		A70000010000000000000002 /* Resources */ = {
			isa = PBXResourcesBuildPhase;
			buildActionMask = 2147483647;
			files = (
				A10000010000000000000016 /* Assets.xcassets in Resources */,
			);
			runOnlyForDeploymentPostprocessing = 0;
		};
/* End PBXResourcesBuildPhase section */

/* Begin PBXSourcesBuildPhase section */
		A70000010000000000000001 /* Sources */ = {
			isa = PBXSourcesBuildPhase;
			buildActionMask = 2147483647;
			files = (
				A10000010000000000000001 /* TileTalesApp.swift in Sources */,
				A10000010000000000000002 /* ContentView.swift in Sources */,
				A10000010000000000000003 /* TileModel.swift in Sources */,
				A10000010000000000000004 /* TileStore.swift in Sources */,
				A10000010000000000000005 /* TileGridView.swift in Sources */,
				A10000010000000000000006 /* TileViewer3DView.swift in Sources */,
				A10000010000000000000007 /* TileMapView.swift in Sources */,
				A10000010000000000000008 /* CameraService.swift in Sources */,
				A10000010000000000000009 /* LocationService.swift in Sources */,
				A10000010000000000000010 /* ImagePicker.swift in Sources */,
				A10000010000000000000011 /* TileEditSheet.swift in Sources */,
				A10000010000000000000012 /* ShareService.swift in Sources */,
				A10000010000000000000013 /* SceneKitTileView.swift in Sources */,
				A10000010000000000000014 /* SplashView.swift in Sources */,
				A10000010000000000000015 /* WallpaperGeneratorView.swift in Sources */,
				A10000010000000000000017 /* GeocodingService.swift in Sources */,
				A10000010000000000000018 /* CaptureSupport.swift in Sources */,
				A10000010000000000000019 /* BackupService.swift in Sources */,
				A10000010000000000000020 /* CropView.swift in Sources */,
				A10000010000000000000021 /* AlbumsView.swift in Sources */,
				A10000010000000000000022 /* StatsView.swift in Sources */,
			);
			runOnlyForDeploymentPostprocessing = 0;
		};
/* End PBXSourcesBuildPhase section */

/* Begin XCBuildConfiguration section */
		A80000010000000000000004 /* Debug */ = {
			isa = XCBuildConfiguration;
			buildSettings = {
				ALWAYS_SEARCH_USER_PATHS = NO;
				ASSETCATALOG_COMPILER_GENERATE_SWIFT_ASSET_SYMBOL_EXTENSIONS = YES;
				CLANG_ANALYZER_NONNULL = YES;
				CLANG_CXX_LANGUAGE_STANDARD = "gnu++20";
				CLANG_ENABLE_MODULES = YES;
				CLANG_ENABLE_OBJC_ARC = YES;
				COPY_PHASE_STRIP = NO;
				DEBUG_INFORMATION_FORMAT = dwarf;
				ENABLE_STRICT_OBJC_MSGSEND = YES;
				ENABLE_TESTABILITY = YES;
				GCC_DYNAMIC_NO_PIC = NO;
				GCC_OPTIMIZATION_LEVEL = 0;
				GCC_PREPROCESSOR_DEFINITIONS = (
					"DEBUG=1",
					"$(inherited)",
				);
				GCC_WARN_ABOUT_RETURN_TYPE = YES_ERROR;
				GCC_WARN_UNINITIALIZED_AUTOS = YES_AGGRESSIVE;
				IPHONEOS_DEPLOYMENT_TARGET = 26.0;
				MTL_ENABLE_DEBUG_INFO = INCLUDE_SOURCE;
				ONLY_ACTIVE_ARCH = YES;
				SDKROOT = iphoneos;
				SWIFT_ACTIVE_COMPILATION_CONDITIONS = "$(inherited) DEBUG";
				SWIFT_OPTIMIZATION_LEVEL = "-Onone";
			};
			name = Debug;
		};
		A80000010000000000000005 /* Release */ = {
			isa = XCBuildConfiguration;
			buildSettings = {
				ALWAYS_SEARCH_USER_PATHS = NO;
				ASSETCATALOG_COMPILER_GENERATE_SWIFT_ASSET_SYMBOL_EXTENSIONS = YES;
				CLANG_ANALYZER_NONNULL = YES;
				CLANG_CXX_LANGUAGE_STANDARD = "gnu++20";
				CLANG_ENABLE_MODULES = YES;
				CLANG_ENABLE_OBJC_ARC = YES;
				COPY_PHASE_STRIP = NO;
				DEBUG_INFORMATION_FORMAT = "dwarf-with-dsym";
				ENABLE_NS_ASSERTIONS = NO;
				ENABLE_STRICT_OBJC_MSGSEND = YES;
				GCC_WARN_ABOUT_RETURN_TYPE = YES_ERROR;
				GCC_WARN_UNINITIALIZED_AUTOS = YES_AGGRESSIVE;
				IPHONEOS_DEPLOYMENT_TARGET = 26.0;
				SDKROOT = iphoneos;
				SWIFT_COMPILATION_MODE = wholemodule;
				VALIDATE_PRODUCT = YES;
			};
			name = Release;
		};
		A80000010000000000000006 /* Debug */ = {
			isa = XCBuildConfiguration;
			buildSettings = {
				ASSETCATALOG_COMPILER_APPICON_NAME = AppIcon;
				ASSETCATALOG_COMPILER_GLOBAL_ACCENT_COLOR_NAME = AccentColor;
				CODE_SIGN_STYLE = Automatic;
				CURRENT_PROJECT_VERSION = 1;
				DEVELOPMENT_TEAM = 4V43H3637W;
				GENERATE_INFOPLIST_FILE = YES;
				INFOPLIST_KEY_CFBundleDisplayName = "Tile Tales";
				INFOPLIST_KEY_NSCameraUsageDescription = "Take photos of street tiles to add to your collection";
				INFOPLIST_KEY_NSLocationWhenInUseUsageDescription = "Save the location where you found each tile";
				INFOPLIST_KEY_NSPhotoLibraryAddUsageDescription = "Save your generated wallpapers to your photo library";
				INFOPLIST_KEY_NSPhotoLibraryUsageDescription = "Choose tile photos from your library";
				INFOPLIST_KEY_UIApplicationSceneManifest_Generation = YES;
				INFOPLIST_KEY_UIApplicationSupportsIndirectInputEvents = YES;
				INFOPLIST_KEY_UILaunchScreen_Generation = YES;
				INFOPLIST_KEY_UISupportedInterfaceOrientations_iPad = "UIInterfaceOrientationPortrait UIInterfaceOrientationLandscapeLeft UIInterfaceOrientationLandscapeRight";
				INFOPLIST_KEY_UISupportedInterfaceOrientations_iPhone = UIInterfaceOrientationPortrait;
				LD_RUNPATH_SEARCH_PATHS = (
					"$(inherited)",
					"@executable_path/Frameworks",
				);
				MARKETING_VERSION = 0.1.0;
				PRODUCT_BUNDLE_IDENTIFIER = com.tiletales.app;
				PRODUCT_NAME = "$(TARGET_NAME)";
				SUPPORTED_PLATFORMS = "iphoneos iphonesimulator";
				SWIFT_EMIT_LOC_STRINGS = YES;
				SWIFT_VERSION = 5.0;
				TARGETED_DEVICE_FAMILY = "1,2";
			};
			name = Debug;
		};
		A80000010000000000000007 /* Release */ = {
			isa = XCBuildConfiguration;
			buildSettings = {
				ASSETCATALOG_COMPILER_APPICON_NAME = AppIcon;
				ASSETCATALOG_COMPILER_GLOBAL_ACCENT_COLOR_NAME = AccentColor;
				CODE_SIGN_STYLE = Automatic;
				CURRENT_PROJECT_VERSION = 1;
				DEVELOPMENT_TEAM = 4V43H3637W;
				GENERATE_INFOPLIST_FILE = YES;
				INFOPLIST_KEY_CFBundleDisplayName = "Tile Tales";
				INFOPLIST_KEY_NSCameraUsageDescription = "Take photos of street tiles to add to your collection";
				INFOPLIST_KEY_NSLocationWhenInUseUsageDescription = "Save the location where you found each tile";
				INFOPLIST_KEY_NSPhotoLibraryAddUsageDescription = "Save your generated wallpapers to your photo library";
				INFOPLIST_KEY_NSPhotoLibraryUsageDescription = "Choose tile photos from your library";
				INFOPLIST_KEY_UIApplicationSceneManifest_Generation = YES;
				INFOPLIST_KEY_UIApplicationSupportsIndirectInputEvents = YES;
				INFOPLIST_KEY_UILaunchScreen_Generation = YES;
				INFOPLIST_KEY_UISupportedInterfaceOrientations_iPad = "UIInterfaceOrientationPortrait UIInterfaceOrientationLandscapeLeft UIInterfaceOrientationLandscapeRight";
				INFOPLIST_KEY_UISupportedInterfaceOrientations_iPhone = UIInterfaceOrientationPortrait;
				LD_RUNPATH_SEARCH_PATHS = (
					"$(inherited)",
					"@executable_path/Frameworks",
				);
				MARKETING_VERSION = 0.1.0;
				PRODUCT_BUNDLE_IDENTIFIER = com.tiletales.app;
				PRODUCT_NAME = "$(TARGET_NAME)";
				SUPPORTED_PLATFORMS = "iphoneos iphonesimulator";
				SWIFT_EMIT_LOC_STRINGS = YES;
				SWIFT_VERSION = 5.0;
				TARGETED_DEVICE_FAMILY = "1,2";
			};
			name = Release;
		};
/* End XCBuildConfiguration section */

/* Begin XCConfigurationList section */
		A80000010000000000000001 /* Build configuration list for PBXProject "TileTales" */ = {
			isa = XCConfigurationList;
			buildConfigurations = (
				A80000010000000000000004 /* Debug */,
				A80000010000000000000005 /* Release */,
			);
			defaultConfigurationIsVisible = 0;
			defaultConfigurationName = Release;
		};
		A80000010000000000000003 /* Build configuration list for PBXNativeTarget "TileTales" */ = {
			isa = XCConfigurationList;
			buildConfigurations = (
				A80000010000000000000006 /* Debug */,
				A80000010000000000000007 /* Release */,
			);
			defaultConfigurationIsVisible = 0;
			defaultConfigurationName = Release;
		};
/* End XCConfigurationList section */
	};
	rootObject = A90000010000000000000001 /* Project object */;
}
